
Microsoft Visual Studio Solution File, Format Version 12.00
# Visual Studio Version 17
VisualStudioVersion = 17.2.32630.192
MinimumVisualStudioVersion = 10.0.40219.1
Project("{9A19103F-16F7-4668-BE54-9A1E7A4F7556}") = "PDM_Draxton", "PDM_Draxton\PDM_Draxton.csproj", "{5D9924B2-6C39-4C93-AEF5-5F38E9B38CC0}"
EndProject
Global
	GlobalSection(SolutionConfigurationPlatforms) = preSolution
		Debug|Any CPU = Debug|Any CPU
		Release|Any CPU = Release|Any CPU
	EndGlobalSection
	GlobalSection(ProjectConfigurationPlatforms) = postSolution
		{5D9924B2-6C39-4C93-AEF5-5F38E9B38CC0}.Debug|Any CPU.ActiveCfg = Debug|Any CPU
		{5D9924B2-6C39-4C93-AEF5-5F38E9B38CC0}.Debug|Any CPU.Build.0 = Debug|Any CPU
		{5D9924B2-6C39-4C93-AEF5-5F38E9B38CC0}.Release|Any CPU.ActiveCfg = Release|Any CPU
		{5D9924B2-6C39-4C93-AEF5-5F38E9B38CC0}.Release|Any CPU.Build.0 = Release|Any CPU
	EndGlobalSection
	GlobalSection(SolutionProperties) = preSolution
		HideSolutionNode = FALSE
	EndGlobalSection
	GlobalSection(ExtensibilityGlobals) = postSolution
		SolutionGuid = {63BD94E6-DC1C-4FBD-97A6-A762F66C7E87}
	EndGlobalSection
EndGlobal
